{
  "name": "hw-27-cloudinary",
  "version": "1.0.0",
  "lockfileVersion": 3,
  "requires": true,
  "packages": {
    "": {
      "name": "hw-27-cloudinary",
      "version": "1.0.0",
      "dependencies": {
        "@cloudinary/url-gen": "^1.18.0"
      }
    },
    "node_modules/@cloudinary/transformation-builder-sdk": {
      "version": "1.13.0",
      "resolved": "https://registry.npmjs.org/@cloudinary/transformation-builder-sdk/-/transformation-builder-sdk-1.13.0.tgz",
      "integrity": "sha512-RCP+/B97t+rhh5ZmnOBerM45b73QATIXBv10SqOh9SU03GlNhsK3D3Ol9hrdCd1dcYks/rrTaK41Li5GNSEDJQ==",
      "dependencies": {
        "@cloudinary/url-gen": "^1.7.0"
      }
    },
    "node_modules/@cloudinary/url-gen": {
      "version": "1.18.0",
      "resolved": "https://registry.npmjs.org/@cloudinary/url-gen/-/url-gen-1.18.0.tgz",
      "integrity": "sha512-IszTCvSyvLOOAqtfM47h1jPbWptG0HU7spr4WkO9KdkZfITGk+autVC6lkFZrcbxbu4MRhqUqNklQ7P9yZpqYw==",
      "dependencies": {
        "@cloudinary/transformation-builder-sdk": "^1.13.0"
      }
    }
  }
}
